// !$*UTF8*$!
{
	archiveVersion = 1;
	classes = {
	};
	objectVersion = 51;
	objects = {

/* Begin PBXBuildFile section */
		02C2047442704452F3D1B01F /* Pods_FirebasePractice.framework in Frameworks */ = {isa = PBXBuildFile; fileRef = 0392E023C944011A9120CD93 /* Pods_FirebasePractice.framework */; };
		9C5FDEDF26FC465A002E498E /* LoginViewController.swift in Sources */ = {isa = PBXBuildFile; fileRef = 9C5FDEDE26FC465A002E498E /* LoginViewController.swift */; };
		9C5FDEE126FC4671002E498E /* SignUpViewController.swift in Sources */ = {isa = PBXBuildFile; fileRef = 9C5FDEE026FC4671002E498E /* SignUpViewController.swift */; };
		9C5FDEE326FC4FD6002E498E /* TabBarController.swift in Sources */ = {isa = PBXBuildFile; fileRef = 9C5FDEE226FC4FD6002E498E /* TabBarController.swift */; };
		9C5FDEE526FC512D002E498E /* Collection.swift in Sources */ = {isa = PBXBuildFile; fileRef = 9C5FDEE426FC512D002E498E /* Collection.swift */; };
		9C5FDEE726FC5B82002E498E /* Alert+extension.swift in Sources */ = {isa = PBXBuildFile; fileRef = 9C5FDEE626FC5B82002E498E /* Alert+extension.swift */; };
		9C5FDEE926FC6B2E002E498E /* FriendsViewController.swift in Sources */ = {isa = PBXBuildFile; fileRef = 9C5FDEE826FC6B2E002E498E /* FriendsViewController.swift */; };
		9C5FDEEB26FC7A33002E498E /* User.swift in Sources */ = {isa = PBXBuildFile; fileRef = 9C5FDEEA26FC7A33002E498E /* User.swift */; };
		9C5FDEEE26FC7BB0002E498E /* FriendResultCell.swift in Sources */ = {isa = PBXBuildFile; fileRef = 9C5FDEED26FC7BB0002E498E /* FriendResultCell.swift */; };
		9C75219226FAFEEB00D76F79 /* AppDelegate.swift in Sources */ = {isa = PBXBuildFile; fileRef = 9C75219126FAFEEB00D76F79 /* AppDelegate.swift */; };
		9C75219426FAFEEB00D76F79 /* SceneDelegate.swift in Sources */ = {isa = PBXBuildFile; fileRef = 9C75219326FAFEEB00D76F79 /* SceneDelegate.swift */; };
		9C75219926FAFEEB00D76F79 /* Main.storyboard in Resources */ = {isa = PBXBuildFile; fileRef = 9C75219726FAFEEB00D76F79 /* Main.storyboard */; };
		9C75219B26FAFEEC00D76F79 /* Assets.xcassets in Resources */ = {isa = PBXBuildFile; fileRef = 9C75219A26FAFEEC00D76F79 /* Assets.xcassets */; };
		9C75219E26FAFEEC00D76F79 /* LaunchScreen.storyboard in Resources */ = {isa = PBXBuildFile; fileRef = 9C75219C26FAFEEC00D76F79 /* LaunchScreen.storyboard */; };
		9C7521A626FB004500D76F79 /* GoogleService-Info.plist in Resources */ = {isa = PBXBuildFile; fileRef = 9C7521A526FB004500D76F79 /* GoogleService-Info.plist */; };
		9C82917F26FB06FC0005DC55 /* HomeViewController.swift in Sources */ = {isa = PBXBuildFile; fileRef = 9C82917E26FB06FC0005DC55 /* HomeViewController.swift */; };
		9C82918126FB0AA90005DC55 /* Document.swift in Sources */ = {isa = PBXBuildFile; fileRef = 9C82918026FB0AA90005DC55 /* Document.swift */; };
		9C82918326FB0C390005DC55 /* Tag.swift in Sources */ = {isa = PBXBuildFile; fileRef = 9C82918226FB0C390005DC55 /* Tag.swift */; };
/* End PBXBuildFile section */

/* Begin PBXFileReference section */
		0392E023C944011A9120CD93 /* Pods_FirebasePractice.framework */ = {isa = PBXFileReference; explicitFileType = wrapper.framework; includeInIndex = 0; path = Pods_FirebasePractice.framework; sourceTree = BUILT_PRODUCTS_DIR; };
		8226DFC58FF07A5E45A3355B /* Pods-FirebasePractice.release.xcconfig */ = {isa = PBXFileReference; includeInIndex = 1; lastKnownFileType = text.xcconfig; name = "Pods-FirebasePractice.release.xcconfig"; path = "Target Support Files/Pods-FirebasePractice/Pods-FirebasePractice.release.xcconfig"; sourceTree = "<group>"; };
		9C5FDEDE26FC465A002E498E /* LoginViewController.swift */ = {isa = PBXFileReference; lastKnownFileType = sourcecode.swift; path = LoginViewController.swift; sourceTree = "<group>"; };
		9C5FDEE026FC4671002E498E /* SignUpViewController.swift */ = {isa = PBXFileReference; lastKnownFileType = sourcecode.swift; path = SignUpViewController.swift; sourceTree = "<group>"; };
		9C5FDEE226FC4FD6002E498E /* TabBarController.swift */ = {isa = PBXFileReference; lastKnownFileType = sourcecode.swift; path = TabBarController.swift; sourceTree = "<group>"; };
		9C5FDEE426FC512D002E498E /* Collection.swift */ = {isa = PBXFileReference; lastKnownFileType = sourcecode.swift; path = Collection.swift; sourceTree = "<group>"; };
		9C5FDEE626FC5B82002E498E /* Alert+extension.swift */ = {isa = PBXFileReference; lastKnownFileType = sourcecode.swift; path = "Alert+extension.swift"; sourceTree = "<group>"; };
		9C5FDEE826FC6B2E002E498E /* FriendsViewController.swift */ = {isa = PBXFileReference; lastKnownFileType = sourcecode.swift; path = FriendsViewController.swift; sourceTree = "<group>"; };
		9C5FDEEA26FC7A33002E498E /* User.swift */ = {isa = PBXFileReference; lastKnownFileType = sourcecode.swift; path = User.swift; sourceTree = "<group>"; };
		9C5FDEED26FC7BB0002E498E /* FriendResultCell.swift */ = {isa = PBXFileReference; lastKnownFileType = sourcecode.swift; path = FriendResultCell.swift; sourceTree = "<group>"; };
		9C75218E26FAFEEB00D76F79 /* FirebasePractice.app */ = {isa = PBXFileReference; explicitFileType = wrapper.application; includeInIndex = 0; path = FirebasePractice.app; sourceTree = BUILT_PRODUCTS_DIR; };
		9C75219126FAFEEB00D76F79 /* AppDelegate.swift */ = {isa = PBXFileReference; lastKnownFileType = sourcecode.swift; path = AppDelegate.swift; sourceTree = "<group>"; };
		9C75219326FAFEEB00D76F79 /* SceneDelegate.swift */ = {isa = PBXFileReference; lastKnownFileType = sourcecode.swift; path = SceneDelegate.swift; sourceTree = "<group>"; };
		9C75219826FAFEEB00D76F79 /* Base */ = {isa = PBXFileReference; lastKnownFileType = file.storyboard; name = Base; path = Base.lproj/Main.storyboard; sourceTree = "<group>"; };
		9C75219A26FAFEEC00D76F79 /* Assets.xcassets */ = {isa = PBXFileReference; lastKnownFileType = folder.assetcatalog; path = Assets.xcassets; sourceTree = "<group>"; };
		9C75219D26FAFEEC00D76F79 /* Base */ = {isa = PBXFileReference; lastKnownFileType = file.storyboard; name = Base; path = Base.lproj/LaunchScreen.storyboard; sourceTree = "<group>"; };
		9C75219F26FAFEEC00D76F79 /* Info.plist */ = {isa = PBXFileReference; lastKnownFileType = text.plist.xml; path = Info.plist; sourceTree = "<group>"; };
		9C7521A526FB004500D76F79 /* GoogleService-Info.plist */ = {isa = PBXFileReference; fileEncoding = 4; lastKnownFileType = text.plist.xml; path = "GoogleService-Info.plist"; sourceTree = "<group>"; };
		9C82917E26FB06FC0005DC55 /* HomeViewController.swift */ = {isa = PBXFileReference; lastKnownFileType = sourcecode.swift; path = HomeViewController.swift; sourceTree = "<group>"; };
		9C82918026FB0AA90005DC55 /* Document.swift */ = {isa = PBXFileReference; lastKnownFileType = sourcecode.swift; path = Document.swift; sourceTree = "<group>"; };
		9C82918226FB0C390005DC55 /* Tag.swift */ = {isa = PBXFileReference; lastKnownFileType = sourcecode.swift; path = Tag.swift; sourceTree = "<group>"; };
		FCE77B943C977D6F901F47A4 /* Pods-FirebasePractice.debug.xcconfig */ = {isa = PBXFileReference; includeInIndex = 1; lastKnownFileType = text.xcconfig; name = "Pods-FirebasePractice.debug.xcconfig"; path = "Target Support Files/Pods-FirebasePractice/Pods-FirebasePractice.debug.xcconfig"; sourceTree = "<group>"; };
/* End PBXFileReference section */

/* Begin PBXFrameworksBuildPhase section */
		9C75218B26FAFEEB00D76F79 /* Frameworks */ = {
			isa = PBXFrameworksBuildPhase;
			buildActionMask = 2147483647;
			files = (
				02C2047442704452F3D1B01F /* Pods_FirebasePractice.framework in Frameworks */,
			);
			runOnlyForDeploymentPostprocessing = 0;
		};
/* End PBXFrameworksBuildPhase section */

/* Begin PBXGroup section */
		27035774295619C488FCCD3C /* Pods */ = {
			isa = PBXGroup;
			children = (
				FCE77B943C977D6F901F47A4 /* Pods-FirebasePractice.debug.xcconfig */,
				8226DFC58FF07A5E45A3355B /* Pods-FirebasePractice.release.xcconfig */,
			);
			path = Pods;
			sourceTree = "<group>";
		};
		8665EB70D16322214C543095 /* Frameworks */ = {
			isa = PBXGroup;
			children = (
				0392E023C944011A9120CD93 /* Pods_FirebasePractice.framework */,
			);
			name = Frameworks;
			sourceTree = "<group>";
		};
		9C5FDEDD26FC4641002E498E /* View Controller */ = {
			isa = PBXGroup;
			children = (
				9C82917E26FB06FC0005DC55 /* HomeViewController.swift */,
				9C5FDEDE26FC465A002E498E /* LoginViewController.swift */,
				9C5FDEE026FC4671002E498E /* SignUpViewController.swift */,
				9C5FDEE226FC4FD6002E498E /* TabBarController.swift */,
				9C5FDEE826FC6B2E002E498E /* FriendsViewController.swift */,
			);
			path = "View Controller";
			sourceTree = "<group>";
		};
		9C5FDEEC26FC7B8D002E498E /* View */ = {
			isa = PBXGroup;
			children = (
				9C5FDEED26FC7BB0002E498E /* FriendResultCell.swift */,
			);
			path = View;
			sourceTree = "<group>";
		};
		9C75218526FAFEEB00D76F79 = {
			isa = PBXGroup;
			children = (
				9C75219026FAFEEB00D76F79 /* FirebasePractice */,
				9C75218F26FAFEEB00D76F79 /* Products */,
				27035774295619C488FCCD3C /* Pods */,
				8665EB70D16322214C543095 /* Frameworks */,
			);
			sourceTree = "<group>";
		};
		9C75218F26FAFEEB00D76F79 /* Products */ = {
			isa = PBXGroup;
			children = (
				9C75218E26FAFEEB00D76F79 /* FirebasePractice.app */,
			);
			name = Products;
			sourceTree = "<group>";
		};
		9C75219026FAFEEB00D76F79 /* FirebasePractice */ = {
			isa = PBXGroup;
			children = (
				9C5FDEEC26FC7B8D002E498E /* View */,
				9C5FDEDD26FC4641002E498E /* View Controller */,
				9C82918426FB0C3D0005DC55 /* Model */,
				9C75219126FAFEEB00D76F79 /* AppDelegate.swift */,
				9C75219326FAFEEB00D76F79 /* SceneDelegate.swift */,
				9C75219726FAFEEB00D76F79 /* Main.storyboard */,
				9C75219A26FAFEEC00D76F79 /* Assets.xcassets */,
				9C75219C26FAFEEC00D76F79 /* LaunchScreen.storyboard */,
				9C75219F26FAFEEC00D76F79 /* Info.plist */,
				9C7521A526FB004500D76F79 /* GoogleService-Info.plist */,
				9C5FDEE626FC5B82002E498E /* Alert+extension.swift */,
			);
			path = FirebasePractice;
			sourceTree = "<group>";
		};
		9C82918426FB0C3D0005DC55 /* Model */ = {
			isa = PBXGroup;
			children = (
				9C82918026FB0AA90005DC55 /* Document.swift */,
				9C82918226FB0C390005DC55 /* Tag.swift */,
				9C5FDEE426FC512D002E498E /* Collection.swift */,
				9C5FDEEA26FC7A33002E498E /* User.swift */,
			);
			path = Model;
			sourceTree = "<group>";
		};
/* End PBXGroup section */

/* Begin PBXNativeTarget section */
		9C75218D26FAFEEB00D76F79 /* FirebasePractice */ = {
			isa = PBXNativeTarget;
			buildConfigurationList = 9C7521A226FAFEEC00D76F79 /* Build configuration list for PBXNativeTarget "FirebasePractice" */;
			buildPhases = (
				938927529290BEDAB4EFFFEA /* [CP] Check Pods Manifest.lock */,
				9C75218A26FAFEEB00D76F79 /* Sources */,
				9C75218B26FAFEEB00D76F79 /* Frameworks */,
				9C75218C26FAFEEB00D76F79 /* Resources */,
				2C146312F6BC40CC540975E3 /* [CP] Embed Pods Frameworks */,
			);
			buildRules = (
			);
			dependencies = (
			);
			name = FirebasePractice;
			productName = FirebasePractice;
			productReference = 9C75218E26FAFEEB00D76F79 /* FirebasePractice.app */;
			productType = "com.apple.product-type.application";
		};
/* End PBXNativeTarget section */

/* Begin PBXProject section */
		9C75218626FAFEEB00D76F79 /* Project object */ = {
			isa = PBXProject;
			attributes = {
				LastSwiftUpdateCheck = 1250;
				LastUpgradeCheck = 1250;
				TargetAttributes = {
					9C75218D26FAFEEB00D76F79 = {
						CreatedOnToolsVersion = 12.5.1;
					};
				};
			};
			buildConfigurationList = 9C75218926FAFEEB00D76F79 /* Build configuration list for PBXProject "FirebasePractice" */;
			compatibilityVersion = "Xcode 9.3";
			developmentRegion = en;
			hasScannedForEncodings = 0;
			knownRegions = (
				en,
				Base,
			);
			mainGroup = 9C75218526FAFEEB00D76F79;
			productRefGroup = 9C75218F26FAFEEB00D76F79 /* Products */;
			projectDirPath = "";
			projectRoot = "";
			targets = (
				9C75218D26FAFEEB00D76F79 /* FirebasePractice */,
			);
		};
/* End PBXProject section */

/* Begin PBXResourcesBuildPhase section */
		9C75218C26FAFEEB00D76F79 /* Resources */ = {
			isa = PBXResourcesBuildPhase;
			buildActionMask = 2147483647;
			files = (
				9C75219E26FAFEEC00D76F79 /* LaunchScreen.storyboard in Resources */,
				9C7521A626FB004500D76F79 /* GoogleService-Info.plist in Resources */,
				9C75219B26FAFEEC00D76F79 /* Assets.xcassets in Resources */,
				9C75219926FAFEEB00D76F79 /* Main.storyboard in Resources */,
			);
			runOnlyForDeploymentPostprocessing = 0;
		};
/* End PBXResourcesBuildPhase section */

/* Begin PBXShellScriptBuildPhase section */
		2C146312F6BC40CC540975E3 /* [CP] Embed Pods Frameworks */ = {
			isa = PBXShellScriptBuildPhase;
			buildActionMask = 2147483647;
			files = (
			);
			inputFileListPaths = (
				"${PODS_ROOT}/Target Support Files/Pods-FirebasePractice/Pods-FirebasePractice-frameworks-${CONFIGURATION}-input-files.xcfilelist",
			);
			name = "[CP] Embed Pods Frameworks";
			outputFileListPaths = (
				"${PODS_ROOT}/Target Support Files/Pods-FirebasePractice/Pods-FirebasePractice-frameworks-${CONFIGURATION}-output-files.xcfilelist",
			);
			runOnlyForDeploymentPostprocessing = 0;
			shellPath = /bin/sh;
			shellScript = "\"${PODS_ROOT}/Target Support Files/Pods-FirebasePractice/Pods-FirebasePractice-frameworks.sh\"\n";
			showEnvVarsInLog = 0;
		};
		938927529290BEDAB4EFFFEA /* [CP] Check Pods Manifest.lock */ = {
			isa = PBXShellScriptBuildPhase;
			buildActionMask = 2147483647;
			files = (
			);
			inputFileListPaths = (
			);
			inputPaths = (
				"${PODS_PODFILE_DIR_PATH}/Podfile.lock",
				"${PODS_ROOT}/Manifest.lock",
			);
			name = "[CP] Check Pods Manifest.lock";
			outputFileListPaths = (
			);
			outputPaths = (
				"$(DERIVED_FILE_DIR)/Pods-FirebasePractice-checkManifestLockResult.txt",
			);
			runOnlyForDeploymentPostprocessing = 0;
			shellPath = /bin/sh;
			shellScript = "diff \"${PODS_PODFILE_DIR_PATH}/Podfile.lock\" \"${PODS_ROOT}/Manifest.lock\" > /dev/null\nif [ $? != 0 ] ; then\n    # print error to STDERR\n    echo \"error: The sandbox is not in sync with the Podfile.lock. Run 'pod install' or update your CocoaPods installation.\" >&2\n    exit 1\nfi\n# This output is used by Xcode 'outputs' to avoid re-running this script phase.\necho \"SUCCESS\" > \"${SCRIPT_OUTPUT_FILE_0}\"\n";
			showEnvVarsInLog = 0;
		};
/* End PBXShellScriptBuildPhase section */

/* Begin PBXSourcesBuildPhase section */
		9C75218A26FAFEEB00D76F79 /* Sources */ = {
			isa = PBXSourcesBuildPhase;
			buildActionMask = 2147483647;
			files = (
				9C5FDEE526FC512D002E498E /* Collection.swift in Sources */,
				9C5FDEDF26FC465A002E498E /* LoginViewController.swift in Sources */,
				9C5FDEE726FC5B82002E498E /* Alert+extension.swift in Sources */,
				9C5FDEEE26FC7BB0002E498E /* FriendResultCell.swift in Sources */,
				9C5FDEE326FC4FD6002E498E /* TabBarController.swift in Sources */,
				9C5FDEE126FC4671002E498E /* SignUpViewController.swift in Sources */,
				9C82918126FB0AA90005DC55 /* Document.swift in Sources */,
				9C5FDEE926FC6B2E002E498E /* FriendsViewController.swift in Sources */,
				9C75219226FAFEEB00D76F79 /* AppDelegate.swift in Sources */,
				9C5FDEEB26FC7A33002E498E /* User.swift in Sources */,
				9C82918326FB0C390005DC55 /* Tag.swift in Sources */,
				9C75219426FAFEEB00D76F79 /* SceneDelegate.swift in Sources */,
				9C82917F26FB06FC0005DC55 /* HomeViewController.swift in Sources */,
			);
			runOnlyForDeploymentPostprocessing = 0;
		};
/* End PBXSourcesBuildPhase section */

/* Begin PBXVariantGroup section */
		9C75219726FAFEEB00D76F79 /* Main.storyboard */ = {
			isa = PBXVariantGroup;
			children = (
				9C75219826FAFEEB00D76F79 /* Base */,
			);
			name = Main.storyboard;
			sourceTree = "<group>";
		};
		9C75219C26FAFEEC00D76F79 /* LaunchScreen.storyboard */ = {
			isa = PBXVariantGroup;
			children = (
				9C75219D26FAFEEC00D76F79 /* Base */,
			);
			name = LaunchScreen.storyboard;
			sourceTree = "<group>";
		};
/* End PBXVariantGroup section */

/* Begin XCBuildConfiguration section */
		9C7521A026FAFEEC00D76F79 /* Debug */ = {
			isa = XCBuildConfiguration;
			buildSettings = {
				ALWAYS_SEARCH_USER_PATHS = NO;
				CLANG_ANALYZER_NONNULL = YES;
				CLANG_ANALYZER_NUMBER_OBJECT_CONVERSION = YES_AGGRESSIVE;
				CLANG_CXX_LANGUAGE_STANDARD = "gnu++14";
				CLANG_CXX_LIBRARY = "libc++";
				CLANG_ENABLE_MODULES = YES;
				CLANG_ENABLE_OBJC_ARC = YES;
				CLANG_ENABLE_OBJC_WEAK = YES;
				CLANG_WARN_BLOCK_CAPTURE_AUTORELEASING = YES;
				CLANG_WARN_BOOL_CONVERSION = YES;
				CLANG_WARN_COMMA = YES;
				CLANG_WARN_CONSTANT_CONVERSION = YES;
				CLANG_WARN_DEPRECATED_OBJC_IMPLEMENTATIONS = YES;
				CLANG_WARN_DIRECT_OBJC_ISA_USAGE = YES_ERROR;
				CLANG_WARN_DOCUMENTATION_COMMENTS = YES;
				CLANG_WARN_EMPTY_BODY = YES;
				CLANG_WARN_ENUM_CONVERSION = YES;
				CLANG_WARN_INFINITE_RECURSION = YES;
				CLANG_WARN_INT_CONVERSION = YES;
				CLANG_WARN_NON_LITERAL_NULL_CONVERSION = YES;
				CLANG_WARN_OBJC_IMPLICIT_RETAIN_SELF = YES;
				CLANG_WARN_OBJC_LITERAL_CONVERSION = YES;
				CLANG_WARN_OBJC_ROOT_CLASS = YES_ERROR;
				CLANG_WARN_QUOTED_INCLUDE_IN_FRAMEWORK_HEADER = YES;
				CLANG_WARN_RANGE_LOOP_ANALYSIS = YES;
				CLANG_WARN_STRICT_PROTOTYPES = YES;
				CLANG_WARN_SUSPICIOUS_MOVE = YES;
				CLANG_WARN_UNGUARDED_AVAILABILITY = YES_AGGRESSIVE;
				CLANG_WARN_UNREACHABLE_CODE = YES;
				CLANG_WARN__DUPLICATE_METHOD_MATCH = YES;
				COPY_PHASE_STRIP = NO;
				DEBUG_INFORMATION_FORMAT = dwarf;
				ENABLE_STRICT_OBJC_MSGSEND = YES;
				ENABLE_TESTABILITY = YES;
				GCC_C_LANGUAGE_STANDARD = gnu11;
				GCC_DYNAMIC_NO_PIC = NO;
				GCC_NO_COMMON_BLOCKS = YES;
				GCC_OPTIMIZATION_LEVEL = 0;
				GCC_PREPROCESSOR_DEFINITIONS = (
					"DEBUG=1",
					"$(inherited)",
				);
				GCC_WARN_64_TO_32_BIT_CONVERSION = YES;
				GCC_WARN_ABOUT_RETURN_TYPE = YES_ERROR;
				GCC_WARN_UNDECLARED_SELECTOR = YES;
				GCC_WARN_UNINITIALIZED_AUTOS = YES_AGGRESSIVE;
				GCC_WARN_UNUSED_FUNCTION = YES;
				GCC_WARN_UNUSED_VARIABLE = YES;
				IPHONEOS_DEPLOYMENT_TARGET = 14.5;
				MTL_ENABLE_DEBUG_INFO = INCLUDE_SOURCE;
				MTL_FAST_MATH = YES;
				ONLY_ACTIVE_ARCH = YES;
				SDKROOT = iphoneos;
				SWIFT_ACTIVE_COMPILATION_CONDITIONS = DEBUG;
				SWIFT_OPTIMIZATION_LEVEL = "-Onone";
			};
			name = Debug;
		};
		9C7521A126FAFEEC00D76F79 /* Release */ = {
			isa = XCBuildConfiguration;
			buildSettings = {
				ALWAYS_SEARCH_USER_PATHS = NO;
				CLANG_ANALYZER_NONNULL = YES;
				CLANG_ANALYZER_NUMBER_OBJECT_CONVERSION = YES_AGGRESSIVE;
				CLANG_CXX_LANGUAGE_STANDARD = "gnu++14";
				CLANG_CXX_LIBRARY = "libc++";
				CLANG_ENABLE_MODULES = YES;
				CLANG_ENABLE_OBJC_ARC = YES;
				CLANG_ENABLE_OBJC_WEAK = YES;
				CLANG_WARN_BLOCK_CAPTURE_AUTORELEASING = YES;
				CLANG_WARN_BOOL_CONVERSION = YES;
				CLANG_WARN_COMMA = YES;
				CLANG_WARN_CONSTANT_CONVERSION = YES;
				CLANG_WARN_DEPRECATED_OBJC_IMPLEMENTATIONS = YES;
				CLANG_WARN_DIRECT_OBJC_ISA_USAGE = YES_ERROR;
				CLANG_WARN_DOCUMENTATION_COMMENTS = YES;
				CLANG_WARN_EMPTY_BODY = YES;
				CLANG_WARN_ENUM_CONVERSION = YES;
				CLANG_WARN_INFINITE_RECURSION = YES;
				CLANG_WARN_INT_CONVERSION = YES;
				CLANG_WARN_NON_LITERAL_NULL_CONVERSION = YES;
				CLANG_WARN_OBJC_IMPLICIT_RETAIN_SELF = YES;
				CLANG_WARN_OBJC_LITERAL_CONVERSION = YES;
				CLANG_WARN_OBJC_ROOT_CLASS = YES_ERROR;
				CLANG_WARN_QUOTED_INCLUDE_IN_FRAMEWORK_HEADER = YES;
				CLANG_WARN_RANGE_LOOP_ANALYSIS = YES;
				CLANG_WARN_STRICT_PROTOTYPES = YES;
				CLANG_WARN_SUSPICIOUS_MOVE = YES;
				CLANG_WARN_UNGUARDED_AVAILABILITY = YES_AGGRESSIVE;
				CLANG_WARN_UNREACHABLE_CODE = YES;
				CLANG_WARN__DUPLICATE_METHOD_MATCH = YES;
				COPY_PHASE_STRIP = NO;
				DEBUG_INFORMATION_FORMAT = "dwarf-with-dsym";
				ENABLE_NS_ASSERTIONS = NO;
				ENABLE_STRICT_OBJC_MSGSEND = YES;
				GCC_C_LANGUAGE_STANDARD = gnu11;
				GCC_NO_COMMON_BLOCKS = YES;
				GCC_WARN_64_TO_32_BIT_CONVERSION = YES;
				GCC_WARN_ABOUT_RETURN_TYPE = YES_ERROR;
				GCC_WARN_UNDECLARED_SELECTOR = YES;
				GCC_WARN_UNINITIALIZED_AUTOS = YES_AGGRESSIVE;
				GCC_WARN_UNUSED_FUNCTION = YES;
				GCC_WARN_UNUSED_VARIABLE = YES;
				IPHONEOS_DEPLOYMENT_TARGET = 14.5;
				MTL_ENABLE_DEBUG_INFO = NO;
				MTL_FAST_MATH = YES;
				SDKROOT = iphoneos;
				SWIFT_COMPILATION_MODE = wholemodule;
				SWIFT_OPTIMIZATION_LEVEL = "-O";
				VALIDATE_PRODUCT = YES;
			};
			name = Release;
		};
		9C7521A326FAFEEC00D76F79 /* Debug */ = {
			isa = XCBuildConfiguration;
			baseConfigurationReference = FCE77B943C977D6F901F47A4 /* Pods-FirebasePractice.debug.xcconfig */;
			buildSettings = {
				ASSETCATALOG_COMPILER_APPICON_NAME = AppIcon;
				ASSETCATALOG_COMPILER_GLOBAL_ACCENT_COLOR_NAME = AccentColor;
				CODE_SIGN_STYLE = Automatic;
				DEVELOPMENT_TEAM = VCPLDP9723;
				INFOPLIST_FILE = FirebasePractice/Info.plist;
				LD_RUNPATH_SEARCH_PATHS = (
					"$(inherited)",
					"@executable_path/Frameworks",
				);
				PRODUCT_BUNDLE_IDENTIFIER = com.echim.FirebasePractice;
				PRODUCT_NAME = "$(TARGET_NAME)";
				SWIFT_VERSION = 5.0;
				TARGETED_DEVICE_FAMILY = 1;
			};
			name = Debug;
		};
		9C7521A426FAFEEC00D76F79 /* Release */ = {
			isa = XCBuildConfiguration;
			baseConfigurationReference = 8226DFC58FF07A5E45A3355B /* Pods-FirebasePractice.release.xcconfig */;
			buildSettings = {
				ASSETCATALOG_COMPILER_APPICON_NAME = AppIcon;
				ASSETCATALOG_COMPILER_GLOBAL_ACCENT_COLOR_NAME = AccentColor;
				CODE_SIGN_STYLE = Automatic;
				DEVELOPMENT_TEAM = VCPLDP9723;
				INFOPLIST_FILE = FirebasePractice/Info.plist;
				LD_RUNPATH_SEARCH_PATHS = (
					"$(inherited)",
					"@executable_path/Frameworks",
				);
				PRODUCT_BUNDLE_IDENTIFIER = com.echim.FirebasePractice;
				PRODUCT_NAME = "$(TARGET_NAME)";
				SWIFT_VERSION = 5.0;
				TARGETED_DEVICE_FAMILY = 1;
			};
			name = Release;
		};
/* End XCBuildConfiguration section */

/* Begin XCConfigurationList section */
		9C75218926FAFEEB00D76F79 /* Build configuration list for PBXProject "FirebasePractice" */ = {
			isa = XCConfigurationList;
			buildConfigurations = (
				9C7521A026FAFEEC00D76F79 /* Debug */,
				9C7521A126FAFEEC00D76F79 /* Release */,
			);
			defaultConfigurationIsVisible = 0;
			defaultConfigurationName = Release;
		};
		9C7521A226FAFEEC00D76F79 /* Build configuration list for PBXNativeTarget "FirebasePractice" */ = {
			isa = XCConfigurationList;
			buildConfigurations = (
				9C7521A326FAFEEC00D76F79 /* Debug */,
				9C7521A426FAFEEC00D76F79 /* Release */,
			);
			defaultConfigurationIsVisible = 0;
			defaultConfigurationName = Release;
		};
/* End XCConfigurationList section */
	};
	rootObject = 9C75218626FAFEEB00D76F79 /* Project object */;
}
